
Microsoft Visual Studio Solution File, Format Version 12.00
# Visual Studio Version 17
VisualStudioVersion = 17.6.33723.286
MinimumVisualStudioVersion = 10.0.40219.1
Project("{FAE04EC0-301F-11D3-BF4B-00C04F79EFBC}") = "RecuperatorioPOO.Montes.Entidades", "RecuperatorioPOO.Montes\RecuperatorioPOO.Montes.Entidades.csproj", "{D62C8186-54FC-4420-92F9-30B82EF27655}"
EndProject
Project("{FAE04EC0-301F-11D3-BF4B-00C04F79EFBC}") = "RecuperatorioPOO.Montes.Consola", "RecuperatorioPOO.Montes.Consola\RecuperatorioPOO.Montes.Consola.csproj", "{1D56B818-1723-4F6C-8333-6C1D329241BA}"
EndProject
Project("{FAE04EC0-301F-11D3-BF4B-00C04F79EFBC}") = "RecuperatorioPOO.Montes.Testing", "RecuperatorioPOO.Montes.Testing\RecuperatorioPOO.Montes.Testing.csproj", "{F67893D7-F197-42B4-93B6-4F093C9E09C0}"
EndProject
Global
	GlobalSection(SolutionConfigurationPlatforms) = preSolution
		Debug|Any CPU = Debug|Any CPU
		Release|Any CPU = Release|Any CPU
	EndGlobalSection
	GlobalSection(ProjectConfigurationPlatforms) = postSolution
		{D62C8186-54FC-4420-92F9-30B82EF27655}.Debug|Any CPU.ActiveCfg = Debug|Any CPU
		{D62C8186-54FC-4420-92F9-30B82EF27655}.Debug|Any CPU.Build.0 = Debug|Any CPU
		{D62C8186-54FC-4420-92F9-30B82EF27655}.Release|Any CPU.ActiveCfg = Release|Any CPU
		{D62C8186-54FC-4420-92F9-30B82EF27655}.Release|Any CPU.Build.0 = Release|Any CPU
		{1D56B818-1723-4F6C-8333-6C1D329241BA}.Debug|Any CPU.ActiveCfg = Debug|Any CPU
		{1D56B818-1723-4F6C-8333-6C1D329241BA}.Debug|Any CPU.Build.0 = Debug|Any CPU
		{1D56B818-1723-4F6C-8333-6C1D329241BA}.Release|Any CPU.ActiveCfg = Release|Any CPU
		{1D56B818-1723-4F6C-8333-6C1D329241BA}.Release|Any CPU.Build.0 = Release|Any CPU
		{F67893D7-F197-42B4-93B6-4F093C9E09C0}.Debug|Any CPU.ActiveCfg = Debug|Any CPU
		{F67893D7-F197-42B4-93B6-4F093C9E09C0}.Debug|Any CPU.Build.0 = Debug|Any CPU
		{F67893D7-F197-42B4-93B6-4F093C9E09C0}.Release|Any CPU.ActiveCfg = Release|Any CPU
		{F67893D7-F197-42B4-93B6-4F093C9E09C0}.Release|Any CPU.Build.0 = Release|Any CPU
	EndGlobalSection
	GlobalSection(SolutionProperties) = preSolution
		HideSolutionNode = FALSE
	EndGlobalSection
	GlobalSection(ExtensibilityGlobals) = postSolution
		SolutionGuid = {4ABCC30B-0C2B-486D-9393-5C111A1E6BFA}
	EndGlobalSection
EndGlobal
